
Microsoft Visual Studio Solution File, Format Version 12.00
# Visual Studio Version 16
VisualStudioVersion = 16.0.30621.155
MinimumVisualStudioVersion = 10.0.40219.1
Project("{9A19103F-16F7-4668-BE54-9A1E7A4F7556}") = "repository", "repository.csproj", "{C66B9426-E821-4572-A0AB-1538EBBA7D58}"
EndProject
Global
	GlobalSection(SolutionConfigurationPlatforms) = preSolution
		Debug|Any CPU = Debug|Any CPU
		Release|Any CPU = Release|Any CPU
	EndGlobalSection
	GlobalSection(ProjectConfigurationPlatforms) = postSolution
		{C66B9426-E821-4572-A0AB-1538EBBA7D58}.Debug|Any CPU.ActiveCfg = Debug|Any CPU
		{C66B9426-E821-4572-A0AB-1538EBBA7D58}.Debug|Any CPU.Build.0 = Debug|Any CPU
		{C66B9426-E821-4572-A0AB-1538EBBA7D58}.Release|Any CPU.ActiveCfg = Release|Any CPU
		{C66B9426-E821-4572-A0AB-1538EBBA7D58}.Release|Any CPU.Build.0 = Release|Any CPU
	EndGlobalSection
	GlobalSection(SolutionProperties) = preSolution
		HideSolutionNode = FALSE
	EndGlobalSection
	GlobalSection(ExtensibilityGlobals) = postSolution
		SolutionGuid = {24A6AB6B-9171-428B-817E-68D5080C372E}
	EndGlobalSection
EndGlobal
